
Microsoft Visual Studio Solution File, Format Version 12.00
# Visual Studio 15
VisualStudioVersion = 15.0.26730.16
MinimumVisualStudioVersion = 10.0.40219.1
Project("{FAE04EC0-301F-11D3-BF4B-00C04F79EFBC}") = "DiWithUnity.Android", "DiWithUnity\DiWithUnity.Android\DiWithUnity.Android.csproj", "{85AF9335-3653-4974-8718-ACC9D63653CF}"
EndProject
Project("{FAE04EC0-301F-11D3-BF4B-00C04F79EFBC}") = "DiWithUnity", "DiWithUnity\DiWithUnity\DiWithUnity.csproj", "{61671153-28D4-446F-ACB8-AEAA39044AAA}"
EndProject
Project("{FAE04EC0-301F-11D3-BF4B-00C04F79EFBC}") = "DiWithUnity.UWP", "DiWithUnity\DiWithUnity.UWP\DiWithUnity.UWP.csproj", "{63E84C5F-7859-4799-8768-7C0D8136F04D}"
EndProject
Project("{FAE04EC0-301F-11D3-BF4B-00C04F79EFBC}") = "DiWithUnity.iOS", "DiWithUnity\DiWithUnity.iOS\DiWithUnity.iOS.csproj", "{E234C239-0882-4733-BDE3-B0981CCAB034}"
EndProject
Global
	GlobalSection(SolutionConfigurationPlatforms) = preSolution
		Ad-Hoc|Any CPU = Ad-Hoc|Any CPU
		Ad-Hoc|ARM = Ad-Hoc|ARM
		Ad-Hoc|iPhone = Ad-Hoc|iPhone
		Ad-Hoc|iPhoneSimulator = Ad-Hoc|iPhoneSimulator
		Ad-Hoc|x64 = Ad-Hoc|x64
		Ad-Hoc|x86 = Ad-Hoc|x86
		AppStore|Any CPU = AppStore|Any CPU
		AppStore|ARM = AppStore|ARM
		AppStore|iPhone = AppStore|iPhone
		AppStore|iPhoneSimulator = AppStore|iPhoneSimulator
		AppStore|x64 = AppStore|x64
		AppStore|x86 = AppStore|x86
		Debug|Any CPU = Debug|Any CPU
		Debug|ARM = Debug|ARM
		Debug|iPhone = Debug|iPhone
		Debug|iPhoneSimulator = Debug|iPhoneSimulator
		Debug|x64 = Debug|x64
		Debug|x86 = Debug|x86
		Release|Any CPU = Release|Any CPU
		Release|ARM = Release|ARM
		Release|iPhone = Release|iPhone
		Release|iPhoneSimulator = Release|iPhoneSimulator
		Release|x64 = Release|x64
		Release|x86 = Release|x86
	EndGlobalSection
	GlobalSection(ProjectConfigurationPlatforms) = postSolution
		{85AF9335-3653-4974-8718-ACC9D63653CF}.Ad-Hoc|Any CPU.ActiveCfg = Release|Any CPU
		{85AF9335-3653-4974-8718-ACC9D63653CF}.Ad-Hoc|Any CPU.Build.0 = Release|Any CPU
		{85AF9335-3653-4974-8718-ACC9D63653CF}.Ad-Hoc|Any CPU.Deploy.0 = Release|Any CPU
		{85AF9335-3653-4974-8718-ACC9D63653CF}.Ad-Hoc|ARM.ActiveCfg = Release|Any CPU
		{85AF9335-3653-4974-8718-ACC9D63653CF}.Ad-Hoc|ARM.Build.0 = Release|Any CPU
		{85AF9335-3653-4974-8718-ACC9D63653CF}.Ad-Hoc|ARM.Deploy.0 = Release|Any CPU
		{85AF9335-3653-4974-8718-ACC9D63653CF}.Ad-Hoc|iPhone.ActiveCfg = Release|Any CPU
		{85AF9335-3653-4974-8718-ACC9D63653CF}.Ad-Hoc|iPhone.Build.0 = Release|Any CPU
		{85AF9335-3653-4974-8718-ACC9D63653CF}.Ad-Hoc|iPhone.Deploy.0 = Release|Any CPU
		{85AF9335-3653-4974-8718-ACC9D63653CF}.Ad-Hoc|iPhoneSimulator.ActiveCfg = Release|Any CPU
		{85AF9335-3653-4974-8718-ACC9D63653CF}.Ad-Hoc|iPhoneSimulator.Build.0 = Release|Any CPU
		{85AF9335-3653-4974-8718-ACC9D63653CF}.Ad-Hoc|iPhoneSimulator.Deploy.0 = Release|Any CPU
		{85AF9335-3653-4974-8718-ACC9D63653CF}.Ad-Hoc|x64.ActiveCfg = Release|Any CPU
		{85AF9335-3653-4974-8718-ACC9D63653CF}.Ad-Hoc|x64.Build.0 = Release|Any CPU
		{85AF9335-3653-4974-8718-ACC9D63653CF}.Ad-Hoc|x64.Deploy.0 = Release|Any CPU
		{85AF9335-3653-4974-8718-ACC9D63653CF}.Ad-Hoc|x86.ActiveCfg = Release|Any CPU
		{85AF9335-3653-4974-8718-ACC9D63653CF}.Ad-Hoc|x86.Build.0 = Release|Any CPU
		{85AF9335-3653-4974-8718-ACC9D63653CF}.Ad-Hoc|x86.Deploy.0 = Release|Any CPU
		{85AF9335-3653-4974-8718-ACC9D63653CF}.AppStore|Any CPU.ActiveCfg = Release|Any CPU
		{85AF9335-3653-4974-8718-ACC9D63653CF}.AppStore|Any CPU.Build.0 = Release|Any CPU
		{85AF9335-3653-4974-8718-ACC9D63653CF}.AppStore|Any CPU.Deploy.0 = Release|Any CPU
		{85AF9335-3653-4974-8718-ACC9D63653CF}.AppStore|ARM.ActiveCfg = Release|Any CPU
		{85AF9335-3653-4974-8718-ACC9D63653CF}.AppStore|ARM.Build.0 = Release|Any CPU
		{85AF9335-3653-4974-8718-ACC9D63653CF}.AppStore|ARM.Deploy.0 = Release|Any CPU
		{85AF9335-3653-4974-8718-ACC9D63653CF}.AppStore|iPhone.ActiveCfg = Release|Any CPU
		{85AF9335-3653-4974-8718-ACC9D63653CF}.AppStore|iPhone.Build.0 = Release|Any CPU
		{85AF9335-3653-4974-8718-ACC9D63653CF}.AppStore|iPhone.Deploy.0 = Release|Any CPU
		{85AF9335-3653-4974-8718-ACC9D63653CF}.AppStore|iPhoneSimulator.ActiveCfg = Release|Any CPU
		{85AF9335-3653-4974-8718-ACC9D63653CF}.AppStore|iPhoneSimulator.Build.0 = Release|Any CPU
		{85AF9335-3653-4974-8718-ACC9D63653CF}.AppStore|iPhoneSimulator.Deploy.0 = Release|Any CPU
		{85AF9335-3653-4974-8718-ACC9D63653CF}.AppStore|x64.ActiveCfg = Release|Any CPU
		{85AF9335-3653-4974-8718-ACC9D63653CF}.AppStore|x64.Build.0 = Release|Any CPU
		{85AF9335-3653-4974-8718-ACC9D63653CF}.AppStore|x64.Deploy.0 = Release|Any CPU
		{85AF9335-3653-4974-8718-ACC9D63653CF}.AppStore|x86.ActiveCfg = Release|Any CPU
		{85AF9335-3653-4974-8718-ACC9D63653CF}.AppStore|x86.Build.0 = Release|Any CPU
		{85AF9335-3653-4974-8718-ACC9D63653CF}.AppStore|x86.Deploy.0 = Release|Any CPU
		{85AF9335-3653-4974-8718-ACC9D63653CF}.Debug|Any CPU.ActiveCfg = Debug|Any CPU
		{85AF9335-3653-4974-8718-ACC9D63653CF}.Debug|Any CPU.Build.0 = Debug|Any CPU
		{85AF9335-3653-4974-8718-ACC9D63653CF}.Debug|Any CPU.Deploy.0 = Debug|Any CPU
		{85AF9335-3653-4974-8718-ACC9D63653CF}.Debug|ARM.ActiveCfg = Debug|Any CPU
		{85AF9335-3653-4974-8718-ACC9D63653CF}.Debug|ARM.Build.0 = Debug|Any CPU
		{85AF9335-3653-4974-8718-ACC9D63653CF}.Debug|ARM.Deploy.0 = Debug|Any CPU
		{85AF9335-3653-4974-8718-ACC9D63653CF}.Debug|iPhone.ActiveCfg = Debug|Any CPU
		{85AF9335-3653-4974-8718-ACC9D63653CF}.Debug|iPhone.Build.0 = Debug|Any CPU
		{85AF9335-3653-4974-8718-ACC9D63653CF}.Debug|iPhone.Deploy.0 = Debug|Any CPU
		{85AF9335-3653-4974-8718-ACC9D63653CF}.Debug|iPhoneSimulator.ActiveCfg = Debug|Any CPU
		{85AF9335-3653-4974-8718-ACC9D63653CF}.Debug|iPhoneSimulator.Build.0 = Debug|Any CPU
		{85AF9335-3653-4974-8718-ACC9D63653CF}.Debug|iPhoneSimulator.Deploy.0 = Debug|Any CPU
		{85AF9335-3653-4974-8718-ACC9D63653CF}.Debug|x64.ActiveCfg = Debug|Any CPU
		{85AF9335-3653-4974-8718-ACC9D63653CF}.Debug|x64.Build.0 = Debug|Any CPU
		{85AF9335-3653-4974-8718-ACC9D63653CF}.Debug|x64.Deploy.0 = Debug|Any CPU
		{85AF9335-3653-4974-8718-ACC9D63653CF}.Debug|x86.ActiveCfg = Debug|Any CPU
		{85AF9335-3653-4974-8718-ACC9D63653CF}.Debug|x86.Build.0 = Debug|Any CPU
		{85AF9335-3653-4974-8718-ACC9D63653CF}.Debug|x86.Deploy.0 = Debug|Any CPU
		{85AF9335-3653-4974-8718-ACC9D63653CF}.Release|Any CPU.ActiveCfg = Release|Any CPU
		{85AF9335-3653-4974-8718-ACC9D63653CF}.Release|Any CPU.Build.0 = Release|Any CPU
		{85AF9335-3653-4974-8718-ACC9D63653CF}.Release|Any CPU.Deploy.0 = Release|Any CPU
		{85AF9335-3653-4974-8718-ACC9D63653CF}.Release|ARM.ActiveCfg = Release|Any CPU
		{85AF9335-3653-4974-8718-ACC9D63653CF}.Release|ARM.Build.0 = Release|Any CPU
		{85AF9335-3653-4974-8718-ACC9D63653CF}.Release|ARM.Deploy.0 = Release|Any CPU
		{85AF9335-3653-4974-8718-ACC9D63653CF}.Release|iPhone.ActiveCfg = Release|Any CPU
		{85AF9335-3653-4974-8718-ACC9D63653CF}.Release|iPhone.Build.0 = Release|Any CPU
		{85AF9335-3653-4974-8718-ACC9D63653CF}.Release|iPhone.Deploy.0 = Release|Any CPU
		{85AF9335-3653-4974-8718-ACC9D63653CF}.Release|iPhoneSimulator.ActiveCfg = Release|Any CPU
		{85AF9335-3653-4974-8718-ACC9D63653CF}.Release|iPhoneSimulator.Build.0 = Release|Any CPU
		{85AF9335-3653-4974-8718-ACC9D63653CF}.Release|iPhoneSimulator.Deploy.0 = Release|Any CPU
		{85AF9335-3653-4974-8718-ACC9D63653CF}.Release|x64.ActiveCfg = Release|Any CPU
		{85AF9335-3653-4974-8718-ACC9D63653CF}.Release|x64.Build.0 = Release|Any CPU
		{85AF9335-3653-4974-8718-ACC9D63653CF}.Release|x64.Deploy.0 = Release|Any CPU
		{85AF9335-3653-4974-8718-ACC9D63653CF}.Release|x86.ActiveCfg = Release|Any CPU
		{85AF9335-3653-4974-8718-ACC9D63653CF}.Release|x86.Build.0 = Release|Any CPU
		{85AF9335-3653-4974-8718-ACC9D63653CF}.Release|x86.Deploy.0 = Release|Any CPU
		{61671153-28D4-446F-ACB8-AEAA39044AAA}.Ad-Hoc|Any CPU.ActiveCfg = Release|Any CPU
		{61671153-28D4-446F-ACB8-AEAA39044AAA}.Ad-Hoc|Any CPU.Build.0 = Release|Any CPU
		{61671153-28D4-446F-ACB8-AEAA39044AAA}.Ad-Hoc|ARM.ActiveCfg = Release|Any CPU
		{61671153-28D4-446F-ACB8-AEAA39044AAA}.Ad-Hoc|ARM.Build.0 = Release|Any CPU
		{61671153-28D4-446F-ACB8-AEAA39044AAA}.Ad-Hoc|iPhone.ActiveCfg = Release|Any CPU
		{61671153-28D4-446F-ACB8-AEAA39044AAA}.Ad-Hoc|iPhone.Build.0 = Release|Any CPU
		{61671153-28D4-446F-ACB8-AEAA39044AAA}.Ad-Hoc|iPhoneSimulator.ActiveCfg = Release|Any CPU
		{61671153-28D4-446F-ACB8-AEAA39044AAA}.Ad-Hoc|iPhoneSimulator.Build.0 = Release|Any CPU
		{61671153-28D4-446F-ACB8-AEAA39044AAA}.Ad-Hoc|x64.ActiveCfg = Release|Any CPU
		{61671153-28D4-446F-ACB8-AEAA39044AAA}.Ad-Hoc|x64.Build.0 = Release|Any CPU
		{61671153-28D4-446F-ACB8-AEAA39044AAA}.Ad-Hoc|x86.ActiveCfg = Release|Any CPU
		{61671153-28D4-446F-ACB8-AEAA39044AAA}.Ad-Hoc|x86.Build.0 = Release|Any CPU
		{61671153-28D4-446F-ACB8-AEAA39044AAA}.AppStore|Any CPU.ActiveCfg = Release|Any CPU
		{61671153-28D4-446F-ACB8-AEAA39044AAA}.AppStore|Any CPU.Build.0 = Release|Any CPU
		{61671153-28D4-446F-ACB8-AEAA39044AAA}.AppStore|ARM.ActiveCfg = Release|Any CPU
		{61671153-28D4-446F-ACB8-AEAA39044AAA}.AppStore|ARM.Build.0 = Release|Any CPU
		{61671153-28D4-446F-ACB8-AEAA39044AAA}.AppStore|iPhone.ActiveCfg = Release|Any CPU
		{61671153-28D4-446F-ACB8-AEAA39044AAA}.AppStore|iPhone.Build.0 = Release|Any CPU
		{61671153-28D4-446F-ACB8-AEAA39044AAA}.AppStore|iPhoneSimulator.ActiveCfg = Release|Any CPU
		{61671153-28D4-446F-ACB8-AEAA39044AAA}.AppStore|iPhoneSimulator.Build.0 = Release|Any CPU
		{61671153-28D4-446F-ACB8-AEAA39044AAA}.AppStore|x64.ActiveCfg = Release|Any CPU
		{61671153-28D4-446F-ACB8-AEAA39044AAA}.AppStore|x64.Build.0 = Release|Any CPU
		{61671153-28D4-446F-ACB8-AEAA39044AAA}.AppStore|x86.ActiveCfg = Release|Any CPU
		{61671153-28D4-446F-ACB8-AEAA39044AAA}.AppStore|x86.Build.0 = Release|Any CPU
		{61671153-28D4-446F-ACB8-AEAA39044AAA}.Debug|Any CPU.ActiveCfg = Debug|Any CPU
		{61671153-28D4-446F-ACB8-AEAA39044AAA}.Debug|Any CPU.Build.0 = Debug|Any CPU
		{61671153-28D4-446F-ACB8-AEAA39044AAA}.Debug|ARM.ActiveCfg = Debug|Any CPU
		{61671153-28D4-446F-ACB8-AEAA39044AAA}.Debug|ARM.Build.0 = Debug|Any CPU
		{61671153-28D4-446F-ACB8-AEAA39044AAA}.Debug|iPhone.ActiveCfg = Debug|Any CPU
		{61671153-28D4-446F-ACB8-AEAA39044AAA}.Debug|iPhone.Build.0 = Debug|Any CPU
		{61671153-28D4-446F-ACB8-AEAA39044AAA}.Debug|iPhoneSimulator.ActiveCfg = Debug|Any CPU
		{61671153-28D4-446F-ACB8-AEAA39044AAA}.Debug|iPhoneSimulator.Build.0 = Debug|Any CPU
		{61671153-28D4-446F-ACB8-AEAA39044AAA}.Debug|x64.ActiveCfg = Debug|Any CPU
		{61671153-28D4-446F-ACB8-AEAA39044AAA}.Debug|x64.Build.0 = Debug|Any CPU
		{61671153-28D4-446F-ACB8-AEAA39044AAA}.Debug|x86.ActiveCfg = Debug|Any CPU
		{61671153-28D4-446F-ACB8-AEAA39044AAA}.Debug|x86.Build.0 = Debug|Any CPU
		{61671153-28D4-446F-ACB8-AEAA39044AAA}.Release|Any CPU.ActiveCfg = Release|Any CPU
		{61671153-28D4-446F-ACB8-AEAA39044AAA}.Release|Any CPU.Build.0 = Release|Any CPU
		{61671153-28D4-446F-ACB8-AEAA39044AAA}.Release|ARM.ActiveCfg = Release|Any CPU
		{61671153-28D4-446F-ACB8-AEAA39044AAA}.Release|ARM.Build.0 = Release|Any CPU
		{61671153-28D4-446F-ACB8-AEAA39044AAA}.Release|iPhone.ActiveCfg = Release|Any CPU
		{61671153-28D4-446F-ACB8-AEAA39044AAA}.Release|iPhone.Build.0 = Release|Any CPU
		{61671153-28D4-446F-ACB8-AEAA39044AAA}.Release|iPhoneSimulator.ActiveCfg = Release|Any CPU
		{61671153-28D4-446F-ACB8-AEAA39044AAA}.Release|iPhoneSimulator.Build.0 = Release|Any CPU
		{61671153-28D4-446F-ACB8-AEAA39044AAA}.Release|x64.ActiveCfg = Release|Any CPU
		{61671153-28D4-446F-ACB8-AEAA39044AAA}.Release|x64.Build.0 = Release|Any CPU
		{61671153-28D4-446F-ACB8-AEAA39044AAA}.Release|x86.ActiveCfg = Release|Any CPU
		{61671153-28D4-446F-ACB8-AEAA39044AAA}.Release|x86.Build.0 = Release|Any CPU
		{63E84C5F-7859-4799-8768-7C0D8136F04D}.Ad-Hoc|Any CPU.ActiveCfg = Release|x86
		{63E84C5F-7859-4799-8768-7C0D8136F04D}.Ad-Hoc|Any CPU.Build.0 = Release|x86
		{63E84C5F-7859-4799-8768-7C0D8136F04D}.Ad-Hoc|Any CPU.Deploy.0 = Release|x86
		{63E84C5F-7859-4799-8768-7C0D8136F04D}.Ad-Hoc|ARM.ActiveCfg = Release|ARM
		{63E84C5F-7859-4799-8768-7C0D8136F04D}.Ad-Hoc|ARM.Build.0 = Release|ARM
		{63E84C5F-7859-4799-8768-7C0D8136F04D}.Ad-Hoc|ARM.Deploy.0 = Release|ARM
		{63E84C5F-7859-4799-8768-7C0D8136F04D}.Ad-Hoc|iPhone.ActiveCfg = Release|x86
		{63E84C5F-7859-4799-8768-7C0D8136F04D}.Ad-Hoc|iPhone.Build.0 = Release|x86
		{63E84C5F-7859-4799-8768-7C0D8136F04D}.Ad-Hoc|iPhone.Deploy.0 = Release|x86
		{63E84C5F-7859-4799-8768-7C0D8136F04D}.Ad-Hoc|iPhoneSimulator.ActiveCfg = Release|x86
		{63E84C5F-7859-4799-8768-7C0D8136F04D}.Ad-Hoc|iPhoneSimulator.Build.0 = Release|x86
		{63E84C5F-7859-4799-8768-7C0D8136F04D}.Ad-Hoc|iPhoneSimulator.Deploy.0 = Release|x86
		{63E84C5F-7859-4799-8768-7C0D8136F04D}.Ad-Hoc|x64.ActiveCfg = Release|x64
		{63E84C5F-7859-4799-8768-7C0D8136F04D}.Ad-Hoc|x64.Build.0 = Release|x64
		{63E84C5F-7859-4799-8768-7C0D8136F04D}.Ad-Hoc|x64.Deploy.0 = Release|x64
		{63E84C5F-7859-4799-8768-7C0D8136F04D}.Ad-Hoc|x86.ActiveCfg = Release|x86
		{63E84C5F-7859-4799-8768-7C0D8136F04D}.Ad-Hoc|x86.Build.0 = Release|x86
		{63E84C5F-7859-4799-8768-7C0D8136F04D}.Ad-Hoc|x86.Deploy.0 = Release|x86
		{63E84C5F-7859-4799-8768-7C0D8136F04D}.AppStore|Any CPU.ActiveCfg = Release|x86
		{63E84C5F-7859-4799-8768-7C0D8136F04D}.AppStore|Any CPU.Build.0 = Release|x86
		{63E84C5F-7859-4799-8768-7C0D8136F04D}.AppStore|Any CPU.Deploy.0 = Release|x86
		{63E84C5F-7859-4799-8768-7C0D8136F04D}.AppStore|ARM.ActiveCfg = Release|ARM
		{63E84C5F-7859-4799-8768-7C0D8136F04D}.AppStore|ARM.Build.0 = Release|ARM
		{63E84C5F-7859-4799-8768-7C0D8136F04D}.AppStore|ARM.Deploy.0 = Release|ARM
		{63E84C5F-7859-4799-8768-7C0D8136F04D}.AppStore|iPhone.ActiveCfg = Release|x86
		{63E84C5F-7859-4799-8768-7C0D8136F04D}.AppStore|iPhone.Build.0 = Release|x86
		{63E84C5F-7859-4799-8768-7C0D8136F04D}.AppStore|iPhone.Deploy.0 = Release|x86
		{63E84C5F-7859-4799-8768-7C0D8136F04D}.AppStore|iPhoneSimulator.ActiveCfg = Release|x86
		{63E84C5F-7859-4799-8768-7C0D8136F04D}.AppStore|iPhoneSimulator.Build.0 = Release|x86
		{63E84C5F-7859-4799-8768-7C0D8136F04D}.AppStore|iPhoneSimulator.Deploy.0 = Release|x86
		{63E84C5F-7859-4799-8768-7C0D8136F04D}.AppStore|x64.ActiveCfg = Release|x64
		{63E84C5F-7859-4799-8768-7C0D8136F04D}.AppStore|x64.Build.0 = Release|x64
		{63E84C5F-7859-4799-8768-7C0D8136F04D}.AppStore|x64.Deploy.0 = Release|x64
		{63E84C5F-7859-4799-8768-7C0D8136F04D}.AppStore|x86.ActiveCfg = Release|x86
		{63E84C5F-7859-4799-8768-7C0D8136F04D}.AppStore|x86.Build.0 = Release|x86
		{63E84C5F-7859-4799-8768-7C0D8136F04D}.AppStore|x86.Deploy.0 = Release|x86
		{63E84C5F-7859-4799-8768-7C0D8136F04D}.Debug|Any CPU.ActiveCfg = Debug|x86
		{63E84C5F-7859-4799-8768-7C0D8136F04D}.Debug|ARM.ActiveCfg = Debug|ARM
		{63E84C5F-7859-4799-8768-7C0D8136F04D}.Debug|ARM.Build.0 = Debug|ARM
		{63E84C5F-7859-4799-8768-7C0D8136F04D}.Debug|ARM.Deploy.0 = Debug|ARM
		{63E84C5F-7859-4799-8768-7C0D8136F04D}.Debug|iPhone.ActiveCfg = Debug|x86
		{63E84C5F-7859-4799-8768-7C0D8136F04D}.Debug|iPhoneSimulator.ActiveCfg = Debug|x86
		{63E84C5F-7859-4799-8768-7C0D8136F04D}.Debug|x64.ActiveCfg = Debug|x64
		{63E84C5F-7859-4799-8768-7C0D8136F04D}.Debug|x64.Build.0 = Debug|x64
		{63E84C5F-7859-4799-8768-7C0D8136F04D}.Debug|x64.Deploy.0 = Debug|x64
		{63E84C5F-7859-4799-8768-7C0D8136F04D}.Debug|x86.ActiveCfg = Debug|x86
		{63E84C5F-7859-4799-8768-7C0D8136F04D}.Debug|x86.Build.0 = Debug|x86
		{63E84C5F-7859-4799-8768-7C0D8136F04D}.Debug|x86.Deploy.0 = Debug|x86
		{63E84C5F-7859-4799-8768-7C0D8136F04D}.Release|Any CPU.ActiveCfg = Release|x86
		{63E84C5F-7859-4799-8768-7C0D8136F04D}.Release|ARM.ActiveCfg = Release|ARM
		{63E84C5F-7859-4799-8768-7C0D8136F04D}.Release|ARM.Build.0 = Release|ARM
		{63E84C5F-7859-4799-8768-7C0D8136F04D}.Release|ARM.Deploy.0 = Release|ARM
		{63E84C5F-7859-4799-8768-7C0D8136F04D}.Release|iPhone.ActiveCfg = Release|x86
		{63E84C5F-7859-4799-8768-7C0D8136F04D}.Release|iPhoneSimulator.ActiveCfg = Release|x86
		{63E84C5F-7859-4799-8768-7C0D8136F04D}.Release|x64.ActiveCfg = Release|x64
		{63E84C5F-7859-4799-8768-7C0D8136F04D}.Release|x64.Build.0 = Release|x64
		{63E84C5F-7859-4799-8768-7C0D8136F04D}.Release|x64.Deploy.0 = Release|x64
		{63E84C5F-7859-4799-8768-7C0D8136F04D}.Release|x86.ActiveCfg = Release|x86
		{63E84C5F-7859-4799-8768-7C0D8136F04D}.Release|x86.Build.0 = Release|x86
		{63E84C5F-7859-4799-8768-7C0D8136F04D}.Release|x86.Deploy.0 = Release|x86
		{E234C239-0882-4733-BDE3-B0981CCAB034}.Ad-Hoc|Any CPU.ActiveCfg = Ad-Hoc|iPhone
		{E234C239-0882-4733-BDE3-B0981CCAB034}.Ad-Hoc|ARM.ActiveCfg = Ad-Hoc|iPhone
		{E234C239-0882-4733-BDE3-B0981CCAB034}.Ad-Hoc|iPhone.ActiveCfg = Ad-Hoc|iPhone
		{E234C239-0882-4733-BDE3-B0981CCAB034}.Ad-Hoc|iPhone.Build.0 = Ad-Hoc|iPhone
		{E234C239-0882-4733-BDE3-B0981CCAB034}.Ad-Hoc|iPhoneSimulator.ActiveCfg = Ad-Hoc|iPhoneSimulator
		{E234C239-0882-4733-BDE3-B0981CCAB034}.Ad-Hoc|iPhoneSimulator.Build.0 = Ad-Hoc|iPhoneSimulator
		{E234C239-0882-4733-BDE3-B0981CCAB034}.Ad-Hoc|x64.ActiveCfg = Ad-Hoc|iPhone
		{E234C239-0882-4733-BDE3-B0981CCAB034}.Ad-Hoc|x86.ActiveCfg = Ad-Hoc|iPhone
		{E234C239-0882-4733-BDE3-B0981CCAB034}.AppStore|Any CPU.ActiveCfg = AppStore|iPhone
		{E234C239-0882-4733-BDE3-B0981CCAB034}.AppStore|ARM.ActiveCfg = AppStore|iPhone
		{E234C239-0882-4733-BDE3-B0981CCAB034}.AppStore|iPhone.ActiveCfg = AppStore|iPhone
		{E234C239-0882-4733-BDE3-B0981CCAB034}.AppStore|iPhone.Build.0 = AppStore|iPhone
		{E234C239-0882-4733-BDE3-B0981CCAB034}.AppStore|iPhoneSimulator.ActiveCfg = AppStore|iPhoneSimulator
		{E234C239-0882-4733-BDE3-B0981CCAB034}.AppStore|iPhoneSimulator.Build.0 = AppStore|iPhoneSimulator
		{E234C239-0882-4733-BDE3-B0981CCAB034}.AppStore|x64.ActiveCfg = AppStore|iPhone
		{E234C239-0882-4733-BDE3-B0981CCAB034}.AppStore|x86.ActiveCfg = AppStore|iPhone
		{E234C239-0882-4733-BDE3-B0981CCAB034}.Debug|Any CPU.ActiveCfg = Debug|iPhone
		{E234C239-0882-4733-BDE3-B0981CCAB034}.Debug|ARM.ActiveCfg = Debug|iPhone
		{E234C239-0882-4733-BDE3-B0981CCAB034}.Debug|iPhone.ActiveCfg = Debug|iPhone
		{E234C239-0882-4733-BDE3-B0981CCAB034}.Debug|iPhone.Build.0 = Debug|iPhone
		{E234C239-0882-4733-BDE3-B0981CCAB034}.Debug|iPhoneSimulator.ActiveCfg = Debug|iPhoneSimulator
		{E234C239-0882-4733-BDE3-B0981CCAB034}.Debug|iPhoneSimulator.Build.0 = Debug|iPhoneSimulator
		{E234C239-0882-4733-BDE3-B0981CCAB034}.Debug|x64.ActiveCfg = Debug|iPhone
		{E234C239-0882-4733-BDE3-B0981CCAB034}.Debug|x86.ActiveCfg = Debug|iPhone
		{E234C239-0882-4733-BDE3-B0981CCAB034}.Release|Any CPU.ActiveCfg = Release|iPhone
		{E234C239-0882-4733-BDE3-B0981CCAB034}.Release|ARM.ActiveCfg = Release|iPhone
		{E234C239-0882-4733-BDE3-B0981CCAB034}.Release|iPhone.ActiveCfg = Release|iPhone
		{E234C239-0882-4733-BDE3-B0981CCAB034}.Release|iPhone.Build.0 = Release|iPhone
		{E234C239-0882-4733-BDE3-B0981CCAB034}.Release|iPhoneSimulator.ActiveCfg = Release|iPhoneSimulator
		{E234C239-0882-4733-BDE3-B0981CCAB034}.Release|iPhoneSimulator.Build.0 = Release|iPhoneSimulator
		{E234C239-0882-4733-BDE3-B0981CCAB034}.Release|x64.ActiveCfg = Release|iPhone
		{E234C239-0882-4733-BDE3-B0981CCAB034}.Release|x86.ActiveCfg = Release|iPhone
	EndGlobalSection
	GlobalSection(SolutionProperties) = preSolution
		HideSolutionNode = FALSE
	EndGlobalSection
	GlobalSection(ExtensibilityGlobals) = postSolution
		SolutionGuid = {C325F210-9641-4E54-AA8A-DDA2698052CF}
	EndGlobalSection
	GlobalSection(TeamFoundationVersionControl) = preSolution
		SccNumberOfProjects = 5
		SccEnterpriseProvider = {4CA58AB2-18FA-4F8D-95D4-32DDF27D184C}
		SccTeamFoundationServer = https://ngotrung.visualstudio.com/
		SccLocalPath0 = .
		SccProjectUniqueName1 = DiWithUnity\\DiWithUnity.Android\\DiWithUnity.Android.csproj
		SccProjectName1 = DiWithUnity/DiWithUnity.Android
		SccLocalPath1 = DiWithUnity\\DiWithUnity.Android
		SccProjectUniqueName2 = DiWithUnity\\DiWithUnity.iOS\\DiWithUnity.iOS.csproj
		SccProjectName2 = DiWithUnity/DiWithUnity.iOS
		SccLocalPath2 = DiWithUnity\\DiWithUnity.iOS
		SccProjectUniqueName3 = DiWithUnity\\DiWithUnity.UWP\\DiWithUnity.UWP.csproj
		SccProjectName3 = DiWithUnity/DiWithUnity.UWP
		SccLocalPath3 = DiWithUnity\\DiWithUnity.UWP
		SccProjectUniqueName4 = DiWithUnity\\DiWithUnity\\DiWithUnity.csproj
		SccProjectName4 = DiWithUnity/DiWithUnity
		SccLocalPath4 = DiWithUnity\\DiWithUnity
	EndGlobalSection
EndGlobal
